PODS:
  - AudioKit (4.7.2):
    - AudioKit/Core (= 4.7.2)
    - AudioKit/UI (= 4.7.2)
  - AudioKit/Core (4.7.2)
  - AudioKit/UI (4.7.2):
    - AudioKit/Core

DEPENDENCIES:
  - AudioKit (= 4.7.2)

SPEC REPOS:
  trunk:
    - AudioKit

SPEC CHECKSUMS:
  AudioKit: ee4ab79e2fffe42e52b8fd8d214eaaea968c368e

PODFILE CHECKSUM: 42df368d5d96ef91777339d31ade09ab6911d754

COCOAPODS: 1.8.4
