// !$*UTF8*$!
{
	archiveVersion = 1;
	classes = {
	};
	objectVersion = 50;
	objects = {

/* Begin PBXBuildFile section */
		D30C7A4323626C5700BC89E4 /* AppDelegate.swift in Sources */ = {isa = PBXBuildFile; fileRef = D30C7A4223626C5700BC89E4 /* AppDelegate.swift */; };
		D30C7A4623626C5700BC89E4 /* Health_Bars.xcdatamodeld in Sources */ = {isa = PBXBuildFile; fileRef = D30C7A4423626C5700BC89E4 /* Health_Bars.xcdatamodeld */; };
		D30C7A4823626C5700BC89E4 /* SceneDelegate.swift in Sources */ = {isa = PBXBuildFile; fileRef = D30C7A4723626C5700BC89E4 /* SceneDelegate.swift */; };
		D30C7A4A23626C5700BC89E4 /* MasterViewController.swift in Sources */ = {isa = PBXBuildFile; fileRef = D30C7A4923626C5700BC89E4 /* MasterViewController.swift */; };
		D30C7A4C23626C5700BC89E4 /* DetailViewController.swift in Sources */ = {isa = PBXBuildFile; fileRef = D30C7A4B23626C5700BC89E4 /* DetailViewController.swift */; };
		D30C7A4F23626C5700BC89E4 /* Main.storyboard in Resources */ = {isa = PBXBuildFile; fileRef = D30C7A4D23626C5700BC89E4 /* Main.storyboard */; };
		D30C7A5123626C5D00BC89E4 /* Assets.xcassets in Resources */ = {isa = PBXBuildFile; fileRef = D30C7A5023626C5D00BC89E4 /* Assets.xcassets */; };
		D30C7A5423626C5D00BC89E4 /* LaunchScreen.storyboard in Resources */ = {isa = PBXBuildFile; fileRef = D30C7A5223626C5D00BC89E4 /* LaunchScreen.storyboard */; };
		D30C7A5F23626C5D00BC89E4 /* Health_BarsTests.swift in Sources */ = {isa = PBXBuildFile; fileRef = D30C7A5E23626C5D00BC89E4 /* Health_BarsTests.swift */; };
		D30C7A6A23626C5D00BC89E4 /* Health_BarsUITests.swift in Sources */ = {isa = PBXBuildFile; fileRef = D30C7A6923626C5D00BC89E4 /* Health_BarsUITests.swift */; };
/* End PBXBuildFile section */

/* Begin PBXContainerItemProxy section */
		D30C7A5B23626C5D00BC89E4 /* PBXContainerItemProxy */ = {
			isa = PBXContainerItemProxy;
			containerPortal = D30C7A3723626C5700BC89E4 /* Project object */;
			proxyType = 1;
			remoteGlobalIDString = D30C7A3E23626C5700BC89E4;
			remoteInfo = "Health Bars";
		};
		D30C7A6623626C5D00BC89E4 /* PBXContainerItemProxy */ = {
			isa = PBXContainerItemProxy;
			containerPortal = D30C7A3723626C5700BC89E4 /* Project object */;
			proxyType = 1;
			remoteGlobalIDString = D30C7A3E23626C5700BC89E4;
			remoteInfo = "Health Bars";
		};
/* End PBXContainerItemProxy section */

/* Begin PBXFileReference section */
		D30C7A3F23626C5700BC89E4 /* Health Bars.app */ = {isa = PBXFileReference; explicitFileType = wrapper.application; includeInIndex = 0; path = "Health Bars.app"; sourceTree = BUILT_PRODUCTS_DIR; };
		D30C7A4223626C5700BC89E4 /* AppDelegate.swift */ = {isa = PBXFileReference; lastKnownFileType = sourcecode.swift; path = AppDelegate.swift; sourceTree = "<group>"; };
		D30C7A4523626C5700BC89E4 /* Health_Bars.xcdatamodel */ = {isa = PBXFileReference; lastKnownFileType = wrapper.xcdatamodel; path = Health_Bars.xcdatamodel; sourceTree = "<group>"; };
		D30C7A4723626C5700BC89E4 /* SceneDelegate.swift */ = {isa = PBXFileReference; lastKnownFileType = sourcecode.swift; path = SceneDelegate.swift; sourceTree = "<group>"; };
		D30C7A4923626C5700BC89E4 /* MasterViewController.swift */ = {isa = PBXFileReference; lastKnownFileType = sourcecode.swift; path = MasterViewController.swift; sourceTree = "<group>"; };
		D30C7A4B23626C5700BC89E4 /* DetailViewController.swift */ = {isa = PBXFileReference; lastKnownFileType = sourcecode.swift; path = DetailViewController.swift; sourceTree = "<group>"; };
		D30C7A4E23626C5700BC89E4 /* Base */ = {isa = PBXFileReference; lastKnownFileType = file.storyboard; name = Base; path = Base.lproj/Main.storyboard; sourceTree = "<group>"; };
		D30C7A5023626C5D00BC89E4 /* Assets.xcassets */ = {isa = PBXFileReference; lastKnownFileType = folder.assetcatalog; path = Assets.xcassets; sourceTree = "<group>"; };
		D30C7A5323626C5D00BC89E4 /* Base */ = {isa = PBXFileReference; lastKnownFileType = file.storyboard; name = Base; path = Base.lproj/LaunchScreen.storyboard; sourceTree = "<group>"; };
		D30C7A5523626C5D00BC89E4 /* Info.plist */ = {isa = PBXFileReference; lastKnownFileType = text.plist.xml; path = Info.plist; sourceTree = "<group>"; };
		D30C7A5A23626C5D00BC89E4 /* Health BarsTests.xctest */ = {isa = PBXFileReference; explicitFileType = wrapper.cfbundle; includeInIndex = 0; path = "Health BarsTests.xctest"; sourceTree = BUILT_PRODUCTS_DIR; };
		D30C7A5E23626C5D00BC89E4 /* Health_BarsTests.swift */ = {isa = PBXFileReference; lastKnownFileType = sourcecode.swift; path = Health_BarsTests.swift; sourceTree = "<group>"; };
		D30C7A6023626C5D00BC89E4 /* Info.plist */ = {isa = PBXFileReference; lastKnownFileType = text.plist.xml; path = Info.plist; sourceTree = "<group>"; };
		D30C7A6523626C5D00BC89E4 /* Health BarsUITests.xctest */ = {isa = PBXFileReference; explicitFileType = wrapper.cfbundle; includeInIndex = 0; path = "Health BarsUITests.xctest"; sourceTree = BUILT_PRODUCTS_DIR; };
		D30C7A6923626C5D00BC89E4 /* Health_BarsUITests.swift */ = {isa = PBXFileReference; lastKnownFileType = sourcecode.swift; path = Health_BarsUITests.swift; sourceTree = "<group>"; };
		D30C7A6B23626C5D00BC89E4 /* Info.plist */ = {isa = PBXFileReference; lastKnownFileType = text.plist.xml; path = Info.plist; sourceTree = "<group>"; };
/* End PBXFileReference section */

/* Begin PBXFrameworksBuildPhase section */
		D30C7A3C23626C5700BC89E4 /* Frameworks */ = {
			isa = PBXFrameworksBuildPhase;
			buildActionMask = 2147483647;
			files = (
			);
			runOnlyForDeploymentPostprocessing = 0;
		};
		D30C7A5723626C5D00BC89E4 /* Frameworks */ = {
			isa = PBXFrameworksBuildPhase;
			buildActionMask = 2147483647;
			files = (
			);
			runOnlyForDeploymentPostprocessing = 0;
		};
		D30C7A6223626C5D00BC89E4 /* Frameworks */ = {
			isa = PBXFrameworksBuildPhase;
			buildActionMask = 2147483647;
			files = (
			);
			runOnlyForDeploymentPostprocessing = 0;
		};
/* End PBXFrameworksBuildPhase section */

/* Begin PBXGroup section */
		D30C7A3623626C5700BC89E4 = {
			isa = PBXGroup;
			children = (
				D30C7A4123626C5700BC89E4 /* Health Bars */,
				D30C7A5D23626C5D00BC89E4 /* Health BarsTests */,
				D30C7A6823626C5D00BC89E4 /* Health BarsUITests */,
				D30C7A4023626C5700BC89E4 /* Products */,
			);
			sourceTree = "<group>";
		};
		D30C7A4023626C5700BC89E4 /* Products */ = {
			isa = PBXGroup;
			children = (
				D30C7A3F23626C5700BC89E4 /* Health Bars.app */,
				D30C7A5A23626C5D00BC89E4 /* Health BarsTests.xctest */,
				D30C7A6523626C5D00BC89E4 /* Health BarsUITests.xctest */,
			);
			name = Products;
			sourceTree = "<group>";
		};
		D30C7A4123626C5700BC89E4 /* Health Bars */ = {
			isa = PBXGroup;
			children = (
				D30C7A4223626C5700BC89E4 /* AppDelegate.swift */,
				D30C7A4723626C5700BC89E4 /* SceneDelegate.swift */,
				D30C7A4923626C5700BC89E4 /* MasterViewController.swift */,
				D30C7A4B23626C5700BC89E4 /* DetailViewController.swift */,
				D30C7A4D23626C5700BC89E4 /* Main.storyboard */,
				D30C7A5023626C5D00BC89E4 /* Assets.xcassets */,
				D30C7A5223626C5D00BC89E4 /* LaunchScreen.storyboard */,
				D30C7A5523626C5D00BC89E4 /* Info.plist */,
				D30C7A4423626C5700BC89E4 /* Health_Bars.xcdatamodeld */,
			);
			path = "Health Bars";
			sourceTree = "<group>";
		};
		D30C7A5D23626C5D00BC89E4 /* Health BarsTests */ = {
			isa = PBXGroup;
			children = (
				D30C7A5E23626C5D00BC89E4 /* Health_BarsTests.swift */,
				D30C7A6023626C5D00BC89E4 /* Info.plist */,
			);
			path = "Health BarsTests";
			sourceTree = "<group>";
		};
		D30C7A6823626C5D00BC89E4 /* Health BarsUITests */ = {
			isa = PBXGroup;
			children = (
				D30C7A6923626C5D00BC89E4 /* Health_BarsUITests.swift */,
				D30C7A6B23626C5D00BC89E4 /* Info.plist */,
			);
			path = "Health BarsUITests";
			sourceTree = "<group>";
		};
/* End PBXGroup section */

/* Begin PBXNativeTarget section */
		D30C7A3E23626C5700BC89E4 /* Health Bars */ = {
			isa = PBXNativeTarget;
			buildConfigurationList = D30C7A6E23626C5D00BC89E4 /* Build configuration list for PBXNativeTarget "Health Bars" */;
			buildPhases = (
				D30C7A3B23626C5700BC89E4 /* Sources */,
				D30C7A3C23626C5700BC89E4 /* Frameworks */,
				D30C7A3D23626C5700BC89E4 /* Resources */,
			);
			buildRules = (
			);
			dependencies = (
			);
			name = "Health Bars";
			productName = "Health Bars";
			productReference = D30C7A3F23626C5700BC89E4 /* Health Bars.app */;
			productType = "com.apple.product-type.application";
		};
		D30C7A5923626C5D00BC89E4 /* Health BarsTests */ = {
			isa = PBXNativeTarget;
			buildConfigurationList = D30C7A7123626C5D00BC89E4 /* Build configuration list for PBXNativeTarget "Health BarsTests" */;
			buildPhases = (
				D30C7A5623626C5D00BC89E4 /* Sources */,
				D30C7A5723626C5D00BC89E4 /* Frameworks */,
				D30C7A5823626C5D00BC89E4 /* Resources */,
			);
			buildRules = (
			);
			dependencies = (
				D30C7A5C23626C5D00BC89E4 /* PBXTargetDependency */,
			);
			name = "Health BarsTests";
			productName = "Health BarsTests";
			productReference = D30C7A5A23626C5D00BC89E4 /* Health BarsTests.xctest */;
			productType = "com.apple.product-type.bundle.unit-test";
		};
		D30C7A6423626C5D00BC89E4 /* Health BarsUITests */ = {
			isa = PBXNativeTarget;
			buildConfigurationList = D30C7A7423626C5D00BC89E4 /* Build configuration list for PBXNativeTarget "Health BarsUITests" */;
			buildPhases = (
				D30C7A6123626C5D00BC89E4 /* Sources */,
				D30C7A6223626C5D00BC89E4 /* Frameworks */,
				D30C7A6323626C5D00BC89E4 /* Resources */,
			);
			buildRules = (
			);
			dependencies = (
				D30C7A6723626C5D00BC89E4 /* PBXTargetDependency */,
			);
			name = "Health BarsUITests";
			productName = "Health BarsUITests";
			productReference = D30C7A6523626C5D00BC89E4 /* Health BarsUITests.xctest */;
			productType = "com.apple.product-type.bundle.ui-testing";
		};
/* End PBXNativeTarget section */

/* Begin PBXProject section */
		D30C7A3723626C5700BC89E4 /* Project object */ = {
			isa = PBXProject;
			attributes = {
				LastSwiftUpdateCheck = 1100;
				LastUpgradeCheck = 1100;
				ORGANIZATIONNAME = ESKIKURT;
				TargetAttributes = {
					D30C7A3E23626C5700BC89E4 = {
						CreatedOnToolsVersion = 11.0;
					};
					D30C7A5923626C5D00BC89E4 = {
						CreatedOnToolsVersion = 11.0;
						TestTargetID = D30C7A3E23626C5700BC89E4;
					};
					D30C7A6423626C5D00BC89E4 = {
						CreatedOnToolsVersion = 11.0;
						TestTargetID = D30C7A3E23626C5700BC89E4;
					};
				};
			};
			buildConfigurationList = D30C7A3A23626C5700BC89E4 /* Build configuration list for PBXProject "Health Bars" */;
			compatibilityVersion = "Xcode 9.3";
			developmentRegion = en;
			hasScannedForEncodings = 0;
			knownRegions = (
				en,
				Base,
			);
			mainGroup = D30C7A3623626C5700BC89E4;
			productRefGroup = D30C7A4023626C5700BC89E4 /* Products */;
			projectDirPath = "";
			projectRoot = "";
			targets = (
				D30C7A3E23626C5700BC89E4 /* Health Bars */,
				D30C7A5923626C5D00BC89E4 /* Health BarsTests */,
				D30C7A6423626C5D00BC89E4 /* Health BarsUITests */,
			);
		};
/* End PBXProject section */

/* Begin PBXResourcesBuildPhase section */
		D30C7A3D23626C5700BC89E4 /* Resources */ = {
			isa = PBXResourcesBuildPhase;
			buildActionMask = 2147483647;
			files = (
				D30C7A5423626C5D00BC89E4 /* LaunchScreen.storyboard in Resources */,
				D30C7A5123626C5D00BC89E4 /* Assets.xcassets in Resources */,
				D30C7A4F23626C5700BC89E4 /* Main.storyboard in Resources */,
			);
			runOnlyForDeploymentPostprocessing = 0;
		};
		D30C7A5823626C5D00BC89E4 /* Resources */ = {
			isa = PBXResourcesBuildPhase;
			buildActionMask = 2147483647;
			files = (
			);
			runOnlyForDeploymentPostprocessing = 0;
		};
		D30C7A6323626C5D00BC89E4 /* Resources */ = {
			isa = PBXResourcesBuildPhase;
			buildActionMask = 2147483647;
			files = (
			);
			runOnlyForDeploymentPostprocessing = 0;
		};
/* End PBXResourcesBuildPhase section */

/* Begin PBXSourcesBuildPhase section */
		D30C7A3B23626C5700BC89E4 /* Sources */ = {
			isa = PBXSourcesBuildPhase;
			buildActionMask = 2147483647;
			files = (
				D30C7A4A23626C5700BC89E4 /* MasterViewController.swift in Sources */,
				D30C7A4323626C5700BC89E4 /* AppDelegate.swift in Sources */,
				D30C7A4C23626C5700BC89E4 /* DetailViewController.swift in Sources */,
				D30C7A4623626C5700BC89E4 /* Health_Bars.xcdatamodeld in Sources */,
				D30C7A4823626C5700BC89E4 /* SceneDelegate.swift in Sources */,
			);
			runOnlyForDeploymentPostprocessing = 0;
		};
		D30C7A5623626C5D00BC89E4 /* Sources */ = {
			isa = PBXSourcesBuildPhase;
			buildActionMask = 2147483647;
			files = (
				D30C7A5F23626C5D00BC89E4 /* Health_BarsTests.swift in Sources */,
			);
			runOnlyForDeploymentPostprocessing = 0;
		};
		D30C7A6123626C5D00BC89E4 /* Sources */ = {
			isa = PBXSourcesBuildPhase;
			buildActionMask = 2147483647;
			files = (
				D30C7A6A23626C5D00BC89E4 /* Health_BarsUITests.swift in Sources */,
			);
			runOnlyForDeploymentPostprocessing = 0;
		};
/* End PBXSourcesBuildPhase section */

/* Begin PBXTargetDependency section */
		D30C7A5C23626C5D00BC89E4 /* PBXTargetDependency */ = {
			isa = PBXTargetDependency;
			target = D30C7A3E23626C5700BC89E4 /* Health Bars */;
			targetProxy = D30C7A5B23626C5D00BC89E4 /* PBXContainerItemProxy */;
		};
		D30C7A6723626C5D00BC89E4 /* PBXTargetDependency */ = {
			isa = PBXTargetDependency;
			target = D30C7A3E23626C5700BC89E4 /* Health Bars */;
			targetProxy = D30C7A6623626C5D00BC89E4 /* PBXContainerItemProxy */;
		};
/* End PBXTargetDependency section */

/* Begin PBXVariantGroup section */
		D30C7A4D23626C5700BC89E4 /* Main.storyboard */ = {
			isa = PBXVariantGroup;
			children = (
				D30C7A4E23626C5700BC89E4 /* Base */,
			);
			name = Main.storyboard;
			sourceTree = "<group>";
		};
		D30C7A5223626C5D00BC89E4 /* LaunchScreen.storyboard */ = {
			isa = PBXVariantGroup;
			children = (
				D30C7A5323626C5D00BC89E4 /* Base */,
			);
			name = LaunchScreen.storyboard;
			sourceTree = "<group>";
		};
/* End PBXVariantGroup section */

/* Begin XCBuildConfiguration section */
		D30C7A6C23626C5D00BC89E4 /* Debug */ = {
			isa = XCBuildConfiguration;
			buildSettings = {
				ALWAYS_SEARCH_USER_PATHS = NO;
				CLANG_ANALYZER_NONNULL = YES;
				CLANG_ANALYZER_NUMBER_OBJECT_CONVERSION = YES_AGGRESSIVE;
				CLANG_CXX_LANGUAGE_STANDARD = "gnu++14";
				CLANG_CXX_LIBRARY = "libc++";
				CLANG_ENABLE_MODULES = YES;
				CLANG_ENABLE_OBJC_ARC = YES;
				CLANG_ENABLE_OBJC_WEAK = YES;
				CLANG_WARN_BLOCK_CAPTURE_AUTORELEASING = YES;
				CLANG_WARN_BOOL_CONVERSION = YES;
				CLANG_WARN_COMMA = YES;
				CLANG_WARN_CONSTANT_CONVERSION = YES;
				CLANG_WARN_DEPRECATED_OBJC_IMPLEMENTATIONS = YES;
				CLANG_WARN_DIRECT_OBJC_ISA_USAGE = YES_ERROR;
				CLANG_WARN_DOCUMENTATION_COMMENTS = YES;
				CLANG_WARN_EMPTY_BODY = YES;
				CLANG_WARN_ENUM_CONVERSION = YES;
				CLANG_WARN_INFINITE_RECURSION = YES;
				CLANG_WARN_INT_CONVERSION = YES;
				CLANG_WARN_NON_LITERAL_NULL_CONVERSION = YES;
				CLANG_WARN_OBJC_IMPLICIT_RETAIN_SELF = YES;
				CLANG_WARN_OBJC_LITERAL_CONVERSION = YES;
				CLANG_WARN_OBJC_ROOT_CLASS = YES_ERROR;
				CLANG_WARN_RANGE_LOOP_ANALYSIS = YES;
				CLANG_WARN_STRICT_PROTOTYPES = YES;
				CLANG_WARN_SUSPICIOUS_MOVE = YES;
				CLANG_WARN_UNGUARDED_AVAILABILITY = YES_AGGRESSIVE;
				CLANG_WARN_UNREACHABLE_CODE = YES;
				CLANG_WARN__DUPLICATE_METHOD_MATCH = YES;
				COPY_PHASE_STRIP = NO;
				DEBUG_INFORMATION_FORMAT = dwarf;
				ENABLE_STRICT_OBJC_MSGSEND = YES;
				ENABLE_TESTABILITY = YES;
				GCC_C_LANGUAGE_STANDARD = gnu11;
				GCC_DYNAMIC_NO_PIC = NO;
				GCC_NO_COMMON_BLOCKS = YES;
				GCC_OPTIMIZATION_LEVEL = 0;
				GCC_PREPROCESSOR_DEFINITIONS = (
					"DEBUG=1",
					"$(inherited)",
				);
				GCC_WARN_64_TO_32_BIT_CONVERSION = YES;
				GCC_WARN_ABOUT_RETURN_TYPE = YES_ERROR;
				GCC_WARN_UNDECLARED_SELECTOR = YES;
				GCC_WARN_UNINITIALIZED_AUTOS = YES_AGGRESSIVE;
				GCC_WARN_UNUSED_FUNCTION = YES;
				GCC_WARN_UNUSED_VARIABLE = YES;
				IPHONEOS_DEPLOYMENT_TARGET = 13.0;
				MTL_ENABLE_DEBUG_INFO = INCLUDE_SOURCE;
				MTL_FAST_MATH = YES;
				ONLY_ACTIVE_ARCH = YES;
				SDKROOT = iphoneos;
				SWIFT_ACTIVE_COMPILATION_CONDITIONS = DEBUG;
				SWIFT_OPTIMIZATION_LEVEL = "-Onone";
			};
			name = Debug;
		};
		D30C7A6D23626C5D00BC89E4 /* Release */ = {
			isa = XCBuildConfiguration;
			buildSettings = {
				ALWAYS_SEARCH_USER_PATHS = NO;
				CLANG_ANALYZER_NONNULL = YES;
				CLANG_ANALYZER_NUMBER_OBJECT_CONVERSION = YES_AGGRESSIVE;
				CLANG_CXX_LANGUAGE_STANDARD = "gnu++14";
				CLANG_CXX_LIBRARY = "libc++";
				CLANG_ENABLE_MODULES = YES;
				CLANG_ENABLE_OBJC_ARC = YES;
				CLANG_ENABLE_OBJC_WEAK = YES;
				CLANG_WARN_BLOCK_CAPTURE_AUTORELEASING = YES;
				CLANG_WARN_BOOL_CONVERSION = YES;
				CLANG_WARN_COMMA = YES;
				CLANG_WARN_CONSTANT_CONVERSION = YES;
				CLANG_WARN_DEPRECATED_OBJC_IMPLEMENTATIONS = YES;
				CLANG_WARN_DIRECT_OBJC_ISA_USAGE = YES_ERROR;
				CLANG_WARN_DOCUMENTATION_COMMENTS = YES;
				CLANG_WARN_EMPTY_BODY = YES;
				CLANG_WARN_ENUM_CONVERSION = YES;
				CLANG_WARN_INFINITE_RECURSION = YES;
				CLANG_WARN_INT_CONVERSION = YES;
				CLANG_WARN_NON_LITERAL_NULL_CONVERSION = YES;
				CLANG_WARN_OBJC_IMPLICIT_RETAIN_SELF = YES;
				CLANG_WARN_OBJC_LITERAL_CONVERSION = YES;
				CLANG_WARN_OBJC_ROOT_CLASS = YES_ERROR;
				CLANG_WARN_RANGE_LOOP_ANALYSIS = YES;
				CLANG_WARN_STRICT_PROTOTYPES = YES;
				CLANG_WARN_SUSPICIOUS_MOVE = YES;
				CLANG_WARN_UNGUARDED_AVAILABILITY = YES_AGGRESSIVE;
				CLANG_WARN_UNREACHABLE_CODE = YES;
				CLANG_WARN__DUPLICATE_METHOD_MATCH = YES;
				COPY_PHASE_STRIP = NO;
				DEBUG_INFORMATION_FORMAT = "dwarf-with-dsym";
				ENABLE_NS_ASSERTIONS = NO;
				ENABLE_STRICT_OBJC_MSGSEND = YES;
				GCC_C_LANGUAGE_STANDARD = gnu11;
				GCC_NO_COMMON_BLOCKS = YES;
				GCC_WARN_64_TO_32_BIT_CONVERSION = YES;
				GCC_WARN_ABOUT_RETURN_TYPE = YES_ERROR;
				GCC_WARN_UNDECLARED_SELECTOR = YES;
				GCC_WARN_UNINITIALIZED_AUTOS = YES_AGGRESSIVE;
				GCC_WARN_UNUSED_FUNCTION = YES;
				GCC_WARN_UNUSED_VARIABLE = YES;
				IPHONEOS_DEPLOYMENT_TARGET = 13.0;
				MTL_ENABLE_DEBUG_INFO = NO;
				MTL_FAST_MATH = YES;
				SDKROOT = iphoneos;
				SWIFT_COMPILATION_MODE = wholemodule;
				SWIFT_OPTIMIZATION_LEVEL = "-O";
				VALIDATE_PRODUCT = YES;
			};
			name = Release;
		};
		D30C7A6F23626C5D00BC89E4 /* Debug */ = {
			isa = XCBuildConfiguration;
			buildSettings = {
				ASSETCATALOG_COMPILER_APPICON_NAME = AppIcon;
				CODE_SIGN_STYLE = Automatic;
				DEVELOPMENT_TEAM = 3X29LC9BHQ;
				INFOPLIST_FILE = "Health Bars/Info.plist";
				LD_RUNPATH_SEARCH_PATHS = (
					"$(inherited)",
					"@executable_path/Frameworks",
				);
				PRODUCT_BUNDLE_IDENTIFIER = "com.eskikurt.Health-Bars";
				PRODUCT_NAME = "$(TARGET_NAME)";
				SWIFT_VERSION = 5.0;
				TARGETED_DEVICE_FAMILY = 1;
			};
			name = Debug;
		};
		D30C7A7023626C5D00BC89E4 /* Release */ = {
			isa = XCBuildConfiguration;
			buildSettings = {
				ASSETCATALOG_COMPILER_APPICON_NAME = AppIcon;
				CODE_SIGN_STYLE = Automatic;
				DEVELOPMENT_TEAM = 3X29LC9BHQ;
				INFOPLIST_FILE = "Health Bars/Info.plist";
				LD_RUNPATH_SEARCH_PATHS = (
					"$(inherited)",
					"@executable_path/Frameworks",
				);
				PRODUCT_BUNDLE_IDENTIFIER = "com.eskikurt.Health-Bars";
				PRODUCT_NAME = "$(TARGET_NAME)";
				SWIFT_VERSION = 5.0;
				TARGETED_DEVICE_FAMILY = 1;
			};
			name = Release;
		};
		D30C7A7223626C5D00BC89E4 /* Debug */ = {
			isa = XCBuildConfiguration;
			buildSettings = {
				ALWAYS_EMBED_SWIFT_STANDARD_LIBRARIES = YES;
				BUNDLE_LOADER = "$(TEST_HOST)";
				CODE_SIGN_STYLE = Automatic;
				DEVELOPMENT_TEAM = 3X29LC9BHQ;
				INFOPLIST_FILE = "Health BarsTests/Info.plist";
				IPHONEOS_DEPLOYMENT_TARGET = 13.0;
				LD_RUNPATH_SEARCH_PATHS = (
					"$(inherited)",
					"@executable_path/Frameworks",
					"@loader_path/Frameworks",
				);
				PRODUCT_BUNDLE_IDENTIFIER = "com.eskikurt.Health-BarsTests";
				PRODUCT_NAME = "$(TARGET_NAME)";
				SWIFT_VERSION = 5.0;
				TARGETED_DEVICE_FAMILY = "1,2";
				TEST_HOST = "$(BUILT_PRODUCTS_DIR)/Health Bars.app/Health Bars";
			};
			name = Debug;
		};
		D30C7A7323626C5D00BC89E4 /* Release */ = {
			isa = XCBuildConfiguration;
			buildSettings = {
				ALWAYS_EMBED_SWIFT_STANDARD_LIBRARIES = YES;
				BUNDLE_LOADER = "$(TEST_HOST)";
				CODE_SIGN_STYLE = Automatic;
				DEVELOPMENT_TEAM = 3X29LC9BHQ;
				INFOPLIST_FILE = "Health BarsTests/Info.plist";
				IPHONEOS_DEPLOYMENT_TARGET = 13.0;
				LD_RUNPATH_SEARCH_PATHS = (
					"$(inherited)",
					"@executable_path/Frameworks",
					"@loader_path/Frameworks",
				);
				PRODUCT_BUNDLE_IDENTIFIER = "com.eskikurt.Health-BarsTests";
				PRODUCT_NAME = "$(TARGET_NAME)";
				SWIFT_VERSION = 5.0;
				TARGETED_DEVICE_FAMILY = "1,2";
				TEST_HOST = "$(BUILT_PRODUCTS_DIR)/Health Bars.app/Health Bars";
			};
			name = Release;
		};
		D30C7A7523626C5D00BC89E4 /* Debug */ = {
			isa = XCBuildConfiguration;
			buildSettings = {
				ALWAYS_EMBED_SWIFT_STANDARD_LIBRARIES = YES;
				CODE_SIGN_STYLE = Automatic;
				DEVELOPMENT_TEAM = 3X29LC9BHQ;
				INFOPLIST_FILE = "Health BarsUITests/Info.plist";
				LD_RUNPATH_SEARCH_PATHS = (
					"$(inherited)",
					"@executable_path/Frameworks",
					"@loader_path/Frameworks",
				);
				PRODUCT_BUNDLE_IDENTIFIER = "com.eskikurt.Health-BarsUITests";
				PRODUCT_NAME = "$(TARGET_NAME)";
				SWIFT_VERSION = 5.0;
				TARGETED_DEVICE_FAMILY = "1,2";
				TEST_TARGET_NAME = "Health Bars";
			};
			name = Debug;
		};
		D30C7A7623626C5D00BC89E4 /* Release */ = {
			isa = XCBuildConfiguration;
			buildSettings = {
				ALWAYS_EMBED_SWIFT_STANDARD_LIBRARIES = YES;
				CODE_SIGN_STYLE = Automatic;
				DEVELOPMENT_TEAM = 3X29LC9BHQ;
				INFOPLIST_FILE = "Health BarsUITests/Info.plist";
				LD_RUNPATH_SEARCH_PATHS = (
					"$(inherited)",
					"@executable_path/Frameworks",
					"@loader_path/Frameworks",
				);
				PRODUCT_BUNDLE_IDENTIFIER = "com.eskikurt.Health-BarsUITests";
				PRODUCT_NAME = "$(TARGET_NAME)";
				SWIFT_VERSION = 5.0;
				TARGETED_DEVICE_FAMILY = "1,2";
				TEST_TARGET_NAME = "Health Bars";
			};
			name = Release;
		};
/* End XCBuildConfiguration section */

/* Begin XCConfigurationList section */
		D30C7A3A23626C5700BC89E4 /* Build configuration list for PBXProject "Health Bars" */ = {
			isa = XCConfigurationList;
			buildConfigurations = (
				D30C7A6C23626C5D00BC89E4 /* Debug */,
				D30C7A6D23626C5D00BC89E4 /* Release */,
			);
			defaultConfigurationIsVisible = 0;
			defaultConfigurationName = Release;
		};
		D30C7A6E23626C5D00BC89E4 /* Build configuration list for PBXNativeTarget "Health Bars" */ = {
			isa = XCConfigurationList;
			buildConfigurations = (
				D30C7A6F23626C5D00BC89E4 /* Debug */,
				D30C7A7023626C5D00BC89E4 /* Release */,
			);
			defaultConfigurationIsVisible = 0;
			defaultConfigurationName = Release;
		};
		D30C7A7123626C5D00BC89E4 /* Build configuration list for PBXNativeTarget "Health BarsTests" */ = {
			isa = XCConfigurationList;
			buildConfigurations = (
				D30C7A7223626C5D00BC89E4 /* Debug */,
				D30C7A7323626C5D00BC89E4 /* Release */,
			);
			defaultConfigurationIsVisible = 0;
			defaultConfigurationName = Release;
		};
		D30C7A7423626C5D00BC89E4 /* Build configuration list for PBXNativeTarget "Health BarsUITests" */ = {
			isa = XCConfigurationList;
			buildConfigurations = (
				D30C7A7523626C5D00BC89E4 /* Debug */,
				D30C7A7623626C5D00BC89E4 /* Release */,
			);
			defaultConfigurationIsVisible = 0;
			defaultConfigurationName = Release;
		};
/* End XCConfigurationList section */

/* Begin XCVersionGroup section */
		D30C7A4423626C5700BC89E4 /* Health_Bars.xcdatamodeld */ = {
			isa = XCVersionGroup;
			children = (
				D30C7A4523626C5700BC89E4 /* Health_Bars.xcdatamodel */,
			);
			currentVersion = D30C7A4523626C5700BC89E4 /* Health_Bars.xcdatamodel */;
			path = Health_Bars.xcdatamodeld;
			sourceTree = "<group>";
			versionGroupType = wrapper.xcdatamodel;
		};
/* End XCVersionGroup section */
	};
	rootObject = D30C7A3723626C5700BC89E4 /* Project object */;
}
